
Microsoft Visual Studio Solution File, Format Version 12.00
# Visual Studio Version 17
VisualStudioVersion = 17.5.33516.290
MinimumVisualStudioVersion = 10.0.40219.1
Project("{9A19103F-16F7-4668-BE54-9A1E7A4F7556}") = "diceGame", "diceGame\diceGame.csproj", "{805E4DD1-1697-4BCD-9030-6CD29DAB5051}"
EndProject
Project("{FAE04EC0-301F-11D3-BF4B-00C04F79EFBC}") = "diceGameTests", "diceGameTests\diceGameTests.csproj", "{535B6AE3-0B15-4400-BE9D-2A0A1B5DCC4F}"
EndProject
Global
	GlobalSection(SolutionConfigurationPlatforms) = preSolution
		Debug|Any CPU = Debug|Any CPU
		Release|Any CPU = Release|Any CPU
	EndGlobalSection
	GlobalSection(ProjectConfigurationPlatforms) = postSolution
		{805E4DD1-1697-4BCD-9030-6CD29DAB5051}.Debug|Any CPU.ActiveCfg = Debug|Any CPU
		{805E4DD1-1697-4BCD-9030-6CD29DAB5051}.Debug|Any CPU.Build.0 = Debug|Any CPU
		{805E4DD1-1697-4BCD-9030-6CD29DAB5051}.Release|Any CPU.ActiveCfg = Release|Any CPU
		{805E4DD1-1697-4BCD-9030-6CD29DAB5051}.Release|Any CPU.Build.0 = Release|Any CPU
		{535B6AE3-0B15-4400-BE9D-2A0A1B5DCC4F}.Debug|Any CPU.ActiveCfg = Debug|Any CPU
		{535B6AE3-0B15-4400-BE9D-2A0A1B5DCC4F}.Debug|Any CPU.Build.0 = Debug|Any CPU
		{535B6AE3-0B15-4400-BE9D-2A0A1B5DCC4F}.Release|Any CPU.ActiveCfg = Release|Any CPU
		{535B6AE3-0B15-4400-BE9D-2A0A1B5DCC4F}.Release|Any CPU.Build.0 = Release|Any CPU
	EndGlobalSection
	GlobalSection(SolutionProperties) = preSolution
		HideSolutionNode = FALSE
	EndGlobalSection
	GlobalSection(ExtensibilityGlobals) = postSolution
		SolutionGuid = {8C88BB0C-3A91-4352-BF61-A913FBA41C29}
	EndGlobalSection
EndGlobal
